// !$*UTF8*$!
{
	archiveVersion = 1;
	classes = {
	};
	objectVersion = 51;
	objects = {

/* Begin PBXBuildFile section */
		AB171B0C232A864E00922E13 /* AddNewTeamMemberVC.swift in Sources */ = {isa = PBXBuildFile; fileRef = AB171B0B232A864E00922E13 /* AddNewTeamMemberVC.swift */; };
		AB171B0F232D3E9900922E13 /* StoriesDisplayVC.swift in Sources */ = {isa = PBXBuildFile; fileRef = AB171B0E232D3E9900922E13 /* StoriesDisplayVC.swift */; };
		AB171B11232D3F9300922E13 /* StoriesDisplayTVCell.swift in Sources */ = {isa = PBXBuildFile; fileRef = AB171B10232D3F9300922E13 /* StoriesDisplayTVCell.swift */; };
		AB2B3E73231E28AD00B22599 /* GoogleService-Info.plist in Resources */ = {isa = PBXBuildFile; fileRef = AB2B3E72231E28AD00B22599 /* GoogleService-Info.plist */; };
		AB2E20CC2326352E008AAB12 /* ProjectDescriptionTVCell.swift in Sources */ = {isa = PBXBuildFile; fileRef = AB2E20CB2326352E008AAB12 /* ProjectDescriptionTVCell.swift */; };
		AB2E20CE23263589008AAB12 /* BaseTVCell.swift in Sources */ = {isa = PBXBuildFile; fileRef = AB2E20CD23263589008AAB12 /* BaseTVCell.swift */; };
		AB2E20D02326365F008AAB12 /* ProjectDescriptionVC.swift in Sources */ = {isa = PBXBuildFile; fileRef = AB2E20CF2326365F008AAB12 /* ProjectDescriptionVC.swift */; };
		AB2E20D423264F54008AAB12 /* ProductBacklogTVCell.swift in Sources */ = {isa = PBXBuildFile; fileRef = AB2E20D323264F54008AAB12 /* ProductBacklogTVCell.swift */; };
		AB39F1D02330A47600A4719D /* StoriesDescriptionVC.swift in Sources */ = {isa = PBXBuildFile; fileRef = AB39F1CF2330A47600A4719D /* StoriesDescriptionVC.swift */; };
		AB39F1D22330A4C000A4719D /* StoryDescriptionTVCell.swift in Sources */ = {isa = PBXBuildFile; fileRef = AB39F1D12330A4C000A4719D /* StoryDescriptionTVCell.swift */; };
		AB39F1D42331047200A4719D /* SprintDisplayVC.swift in Sources */ = {isa = PBXBuildFile; fileRef = AB39F1D32331047200A4719D /* SprintDisplayVC.swift */; };
		AB39F1D623310B6D00A4719D /* SprintDisplayTVCell.swift in Sources */ = {isa = PBXBuildFile; fileRef = AB39F1D523310B6D00A4719D /* SprintDisplayTVCell.swift */; };
		AB39F1D8233119B000A4719D /* SprintDisplayCVCell.swift in Sources */ = {isa = PBXBuildFile; fileRef = AB39F1D7233119B000A4719D /* SprintDisplayCVCell.swift */; };
		AB6710EC231E4DE300E2897E /* .swiftlint.yml in Resources */ = {isa = PBXBuildFile; fileRef = AB6710EB231E4DE300E2897E /* .swiftlint.yml */; };
		AB6710F5231E821C00E2897E /* EmailSignInPopUpVC.swift in Sources */ = {isa = PBXBuildFile; fileRef = AB6710F4231E821C00E2897E /* EmailSignInPopUpVC.swift */; };
		AB6710F7231E9F6B00E2897E /* FirebaseManager.swift in Sources */ = {isa = PBXBuildFile; fileRef = AB6710F6231E9F6B00E2897E /* FirebaseManager.swift */; };
		AB6710F9231F83FD00E2897E /* BaseVC.swift in Sources */ = {isa = PBXBuildFile; fileRef = AB6710F8231F83FD00E2897E /* BaseVC.swift */; };
		AB6C8080232F5AF600B8D760 /* AddNewStoryVC.swift in Sources */ = {isa = PBXBuildFile; fileRef = AB6C807F232F5AF600B8D760 /* AddNewStoryVC.swift */; };
		AB6C8082232F5B5F00B8D760 /* AddNewStoryDataPickerTVCell.swift in Sources */ = {isa = PBXBuildFile; fileRef = AB6C8081232F5B5F00B8D760 /* AddNewStoryDataPickerTVCell.swift */; };
		AB6C8084232F5B7500B8D760 /* AddNewStoryTextViewTVCell.swift in Sources */ = {isa = PBXBuildFile; fileRef = AB6C8083232F5B7500B8D760 /* AddNewStoryTextViewTVCell.swift */; };
		AB6C8086232F5EC200B8D760 /* ProductBacklog.swift in Sources */ = {isa = PBXBuildFile; fileRef = AB6C8085232F5EC200B8D760 /* ProductBacklog.swift */; };
		AB6C8088232F60CE00B8D760 /* ProductBacklogsViewModel.swift in Sources */ = {isa = PBXBuildFile; fileRef = AB6C8087232F60CE00B8D760 /* ProductBacklogsViewModel.swift */; };
		ABAC160A2327625900DF0059 /* ViewController.swift in Sources */ = {isa = PBXBuildFile; fileRef = ABAC16092327625900DF0059 /* ViewController.swift */; };
		ABAC160C2327717400DF0059 /* TeamMembersTVCell.swift in Sources */ = {isa = PBXBuildFile; fileRef = ABAC160B2327717400DF0059 /* TeamMembersTVCell.swift */; };
		ABAC160E232780BF00DF0059 /* TeamDisplayCVCell.swift in Sources */ = {isa = PBXBuildFile; fileRef = ABAC160D232780BF00DF0059 /* TeamDisplayCVCell.swift */; };
		ABB7B3522319405B0084B44D /* AppDelegate.swift in Sources */ = {isa = PBXBuildFile; fileRef = ABB7B3512319405B0084B44D /* AppDelegate.swift */; };
		ABB7B3572319405B0084B44D /* Main.storyboard in Resources */ = {isa = PBXBuildFile; fileRef = ABB7B3552319405B0084B44D /* Main.storyboard */; };
		ABB7B359231940670084B44D /* Assets.xcassets in Resources */ = {isa = PBXBuildFile; fileRef = ABB7B358231940670084B44D /* Assets.xcassets */; };
		ABB7B35C231940670084B44D /* LaunchScreen.storyboard in Resources */ = {isa = PBXBuildFile; fileRef = ABB7B35A231940670084B44D /* LaunchScreen.storyboard */; };
		ABD335DE231FBFB50023AC98 /* ProductOwnerMainVC.swift in Sources */ = {isa = PBXBuildFile; fileRef = ABD335DD231FBFB50023AC98 /* ProductOwnerMainVC.swift */; };
		ABD335E0231FC87A0023AC98 /* ProductOwner.swift in Sources */ = {isa = PBXBuildFile; fileRef = ABD335DF231FC87A0023AC98 /* ProductOwner.swift */; };
		ABD335E2231FC8940023AC98 /* Constants.swift in Sources */ = {isa = PBXBuildFile; fileRef = ABD335E1231FC8940023AC98 /* Constants.swift */; };
		ABD335E5231FFEC30023AC98 /* POProductBacklogCVCell.swift in Sources */ = {isa = PBXBuildFile; fileRef = ABD335E4231FFEC30023AC98 /* POProductBacklogCVCell.swift */; };
		ABD335E7231FFED30023AC98 /* BaseCVCell.swift in Sources */ = {isa = PBXBuildFile; fileRef = ABD335E6231FFED30023AC98 /* BaseCVCell.swift */; };
		ABD335E923200A150023AC98 /* AccDetailsVC.swift in Sources */ = {isa = PBXBuildFile; fileRef = ABD335E823200A150023AC98 /* AccDetailsVC.swift */; };
		ABFF65E12321052100AD13D3 /* NewProjectPopOverVC.swift in Sources */ = {isa = PBXBuildFile; fileRef = ABFF65E02321052100AD13D3 /* NewProjectPopOverVC.swift */; };
		ABFF65E32321179300AD13D3 /* POViewModel.swift in Sources */ = {isa = PBXBuildFile; fileRef = ABFF65E22321179300AD13D3 /* POViewModel.swift */; };
		D05D77D163CBC0741EF458C5 /* Pods_AgileSrintPlanner.framework in Frameworks */ = {isa = PBXBuildFile; fileRef = 60E798C9683F6D1E72EFC22D /* Pods_AgileSrintPlanner.framework */; };
/* End PBXBuildFile section */

/* Begin PBXFileReference section */
		029D984A44785ED6064C6CFF /* Pods-AgileSrintPlanner.debug.xcconfig */ = {isa = PBXFileReference; includeInIndex = 1; lastKnownFileType = text.xcconfig; name = "Pods-AgileSrintPlanner.debug.xcconfig"; path = "Target Support Files/Pods-AgileSrintPlanner/Pods-AgileSrintPlanner.debug.xcconfig"; sourceTree = "<group>"; };
		49ADB83A3E89659CDA3CF487 /* Pods-AgileSrintPlanner.release.xcconfig */ = {isa = PBXFileReference; includeInIndex = 1; lastKnownFileType = text.xcconfig; name = "Pods-AgileSrintPlanner.release.xcconfig"; path = "Target Support Files/Pods-AgileSrintPlanner/Pods-AgileSrintPlanner.release.xcconfig"; sourceTree = "<group>"; };
		60E798C9683F6D1E72EFC22D /* Pods_AgileSrintPlanner.framework */ = {isa = PBXFileReference; explicitFileType = wrapper.framework; includeInIndex = 0; path = Pods_AgileSrintPlanner.framework; sourceTree = BUILT_PRODUCTS_DIR; };
		AB171B0B232A864E00922E13 /* AddNewTeamMemberVC.swift */ = {isa = PBXFileReference; lastKnownFileType = sourcecode.swift; path = AddNewTeamMemberVC.swift; sourceTree = "<group>"; };
		AB171B0E232D3E9900922E13 /* StoriesDisplayVC.swift */ = {isa = PBXFileReference; lastKnownFileType = sourcecode.swift; path = StoriesDisplayVC.swift; sourceTree = "<group>"; };
		AB171B10232D3F9300922E13 /* StoriesDisplayTVCell.swift */ = {isa = PBXFileReference; lastKnownFileType = sourcecode.swift; path = StoriesDisplayTVCell.swift; sourceTree = "<group>"; };
		AB2B3E72231E28AD00B22599 /* GoogleService-Info.plist */ = {isa = PBXFileReference; fileEncoding = 4; lastKnownFileType = text.plist.xml; name = "GoogleService-Info.plist"; path = "../../../../../../Downloads/GoogleService-Info.plist"; sourceTree = "<group>"; };
		AB2E20CB2326352E008AAB12 /* ProjectDescriptionTVCell.swift */ = {isa = PBXFileReference; lastKnownFileType = sourcecode.swift; path = ProjectDescriptionTVCell.swift; sourceTree = "<group>"; };
		AB2E20CD23263589008AAB12 /* BaseTVCell.swift */ = {isa = PBXFileReference; lastKnownFileType = sourcecode.swift; path = BaseTVCell.swift; sourceTree = "<group>"; };
		AB2E20CF2326365F008AAB12 /* ProjectDescriptionVC.swift */ = {isa = PBXFileReference; lastKnownFileType = sourcecode.swift; path = ProjectDescriptionVC.swift; sourceTree = "<group>"; };
		AB2E20D323264F54008AAB12 /* ProductBacklogTVCell.swift */ = {isa = PBXFileReference; lastKnownFileType = sourcecode.swift; path = ProductBacklogTVCell.swift; sourceTree = "<group>"; };
		AB39F1CF2330A47600A4719D /* StoriesDescriptionVC.swift */ = {isa = PBXFileReference; lastKnownFileType = sourcecode.swift; path = StoriesDescriptionVC.swift; sourceTree = "<group>"; };
		AB39F1D12330A4C000A4719D /* StoryDescriptionTVCell.swift */ = {isa = PBXFileReference; lastKnownFileType = sourcecode.swift; path = StoryDescriptionTVCell.swift; sourceTree = "<group>"; };
		AB39F1D32331047200A4719D /* SprintDisplayVC.swift */ = {isa = PBXFileReference; lastKnownFileType = sourcecode.swift; path = SprintDisplayVC.swift; sourceTree = "<group>"; };
		AB39F1D523310B6D00A4719D /* SprintDisplayTVCell.swift */ = {isa = PBXFileReference; lastKnownFileType = sourcecode.swift; path = SprintDisplayTVCell.swift; sourceTree = "<group>"; };
		AB39F1D7233119B000A4719D /* SprintDisplayCVCell.swift */ = {isa = PBXFileReference; lastKnownFileType = sourcecode.swift; path = SprintDisplayCVCell.swift; sourceTree = "<group>"; };
		AB6710EB231E4DE300E2897E /* .swiftlint.yml */ = {isa = PBXFileReference; lastKnownFileType = text; name = .swiftlint.yml; path = AgileSrintPlanner/.swiftlint.yml; sourceTree = "<group>"; };
		AB6710F4231E821C00E2897E /* EmailSignInPopUpVC.swift */ = {isa = PBXFileReference; lastKnownFileType = sourcecode.swift; path = EmailSignInPopUpVC.swift; sourceTree = "<group>"; };
		AB6710F6231E9F6B00E2897E /* FirebaseManager.swift */ = {isa = PBXFileReference; lastKnownFileType = sourcecode.swift; path = FirebaseManager.swift; sourceTree = "<group>"; };
		AB6710F8231F83FD00E2897E /* BaseVC.swift */ = {isa = PBXFileReference; lastKnownFileType = sourcecode.swift; path = BaseVC.swift; sourceTree = "<group>"; };
		AB6C807F232F5AF600B8D760 /* AddNewStoryVC.swift */ = {isa = PBXFileReference; lastKnownFileType = sourcecode.swift; path = AddNewStoryVC.swift; sourceTree = "<group>"; };
		AB6C8081232F5B5F00B8D760 /* AddNewStoryDataPickerTVCell.swift */ = {isa = PBXFileReference; lastKnownFileType = sourcecode.swift; path = AddNewStoryDataPickerTVCell.swift; sourceTree = "<group>"; };
		AB6C8083232F5B7500B8D760 /* AddNewStoryTextViewTVCell.swift */ = {isa = PBXFileReference; lastKnownFileType = sourcecode.swift; path = AddNewStoryTextViewTVCell.swift; sourceTree = "<group>"; };
		AB6C8085232F5EC200B8D760 /* ProductBacklog.swift */ = {isa = PBXFileReference; lastKnownFileType = sourcecode.swift; path = ProductBacklog.swift; sourceTree = "<group>"; };
		AB6C8087232F60CE00B8D760 /* ProductBacklogsViewModel.swift */ = {isa = PBXFileReference; lastKnownFileType = sourcecode.swift; path = ProductBacklogsViewModel.swift; sourceTree = "<group>"; };
		ABAC16092327625900DF0059 /* ViewController.swift */ = {isa = PBXFileReference; lastKnownFileType = sourcecode.swift; path = ViewController.swift; sourceTree = "<group>"; };
		ABAC160B2327717400DF0059 /* TeamMembersTVCell.swift */ = {isa = PBXFileReference; lastKnownFileType = sourcecode.swift; path = TeamMembersTVCell.swift; sourceTree = "<group>"; };
		ABAC160D232780BF00DF0059 /* TeamDisplayCVCell.swift */ = {isa = PBXFileReference; lastKnownFileType = sourcecode.swift; path = TeamDisplayCVCell.swift; sourceTree = "<group>"; };
		ABB7B34E2319405A0084B44D /* AgileSrintPlanner.app */ = {isa = PBXFileReference; explicitFileType = wrapper.application; includeInIndex = 0; path = AgileSrintPlanner.app; sourceTree = BUILT_PRODUCTS_DIR; };
		ABB7B3512319405B0084B44D /* AppDelegate.swift */ = {isa = PBXFileReference; lastKnownFileType = sourcecode.swift; path = AppDelegate.swift; sourceTree = "<group>"; };
		ABB7B3562319405B0084B44D /* Base */ = {isa = PBXFileReference; lastKnownFileType = file.storyboard; name = Base; path = Base.lproj/Main.storyboard; sourceTree = "<group>"; };
		ABB7B358231940670084B44D /* Assets.xcassets */ = {isa = PBXFileReference; lastKnownFileType = folder.assetcatalog; path = Assets.xcassets; sourceTree = "<group>"; };
		ABB7B35B231940670084B44D /* Base */ = {isa = PBXFileReference; lastKnownFileType = file.storyboard; name = Base; path = Base.lproj/LaunchScreen.storyboard; sourceTree = "<group>"; };
		ABB7B35D231940670084B44D /* Info.plist */ = {isa = PBXFileReference; lastKnownFileType = text.plist.xml; path = Info.plist; sourceTree = "<group>"; };
		ABD335DD231FBFB50023AC98 /* ProductOwnerMainVC.swift */ = {isa = PBXFileReference; lastKnownFileType = sourcecode.swift; name = ProductOwnerMainVC.swift; path = "../New Group/ProductOwnerMainVC.swift"; sourceTree = "<group>"; };
		ABD335DF231FC87A0023AC98 /* ProductOwner.swift */ = {isa = PBXFileReference; lastKnownFileType = sourcecode.swift; path = ProductOwner.swift; sourceTree = "<group>"; };
		ABD335E1231FC8940023AC98 /* Constants.swift */ = {isa = PBXFileReference; lastKnownFileType = sourcecode.swift; path = Constants.swift; sourceTree = "<group>"; };
		ABD335E4231FFEC30023AC98 /* POProductBacklogCVCell.swift */ = {isa = PBXFileReference; lastKnownFileType = sourcecode.swift; path = POProductBacklogCVCell.swift; sourceTree = "<group>"; };
		ABD335E6231FFED30023AC98 /* BaseCVCell.swift */ = {isa = PBXFileReference; lastKnownFileType = sourcecode.swift; path = BaseCVCell.swift; sourceTree = "<group>"; };
		ABD335E823200A150023AC98 /* AccDetailsVC.swift */ = {isa = PBXFileReference; lastKnownFileType = sourcecode.swift; path = AccDetailsVC.swift; sourceTree = "<group>"; };
		ABFF65E02321052100AD13D3 /* NewProjectPopOverVC.swift */ = {isa = PBXFileReference; lastKnownFileType = sourcecode.swift; path = NewProjectPopOverVC.swift; sourceTree = "<group>"; };
		ABFF65E22321179300AD13D3 /* POViewModel.swift */ = {isa = PBXFileReference; lastKnownFileType = sourcecode.swift; path = POViewModel.swift; sourceTree = "<group>"; };
/* End PBXFileReference section */

/* Begin PBXFrameworksBuildPhase section */
		ABB7B34B2319405A0084B44D /* Frameworks */ = {
			isa = PBXFrameworksBuildPhase;
			buildActionMask = 2147483647;
			files = (
				D05D77D163CBC0741EF458C5 /* Pods_AgileSrintPlanner.framework in Frameworks */,
			);
			runOnlyForDeploymentPostprocessing = 0;
		};
/* End PBXFrameworksBuildPhase section */

/* Begin PBXGroup section */
		3EC762DC9F0C81989BC4FF14 /* Pods */ = {
			isa = PBXGroup;
			children = (
				029D984A44785ED6064C6CFF /* Pods-AgileSrintPlanner.debug.xcconfig */,
				49ADB83A3E89659CDA3CF487 /* Pods-AgileSrintPlanner.release.xcconfig */,
			);
			path = Pods;
			sourceTree = "<group>";
		};
		874EEA71BA14BE321B7DDA6A /* Frameworks */ = {
			isa = PBXGroup;
			children = (
				60E798C9683F6D1E72EFC22D /* Pods_AgileSrintPlanner.framework */,
			);
			name = Frameworks;
			sourceTree = "<group>";
		};
		AB171B0D232D3C3700922E13 /* Product Backlogs */ = {
			isa = PBXGroup;
			children = (
				AB171B0E232D3E9900922E13 /* StoriesDisplayVC.swift */,
				AB171B10232D3F9300922E13 /* StoriesDisplayTVCell.swift */,
				AB6C807F232F5AF600B8D760 /* AddNewStoryVC.swift */,
				AB6C8081232F5B5F00B8D760 /* AddNewStoryDataPickerTVCell.swift */,
				AB6C8083232F5B7500B8D760 /* AddNewStoryTextViewTVCell.swift */,
				AB39F1CF2330A47600A4719D /* StoriesDescriptionVC.swift */,
				AB39F1D12330A4C000A4719D /* StoryDescriptionTVCell.swift */,
				AB39F1D32331047200A4719D /* SprintDisplayVC.swift */,
				AB39F1D523310B6D00A4719D /* SprintDisplayTVCell.swift */,
				AB39F1D7233119B000A4719D /* SprintDisplayCVCell.swift */,
			);
			path = "Product Backlogs";
			sourceTree = "<group>";
		};
		AB6710EF231E802800E2897E /* Model */ = {
			isa = PBXGroup;
			children = (
				ABD335DF231FC87A0023AC98 /* ProductOwner.swift */,
				AB6C8085232F5EC200B8D760 /* ProductBacklog.swift */,
				ABD335E1231FC8940023AC98 /* Constants.swift */,
			);
			path = Model;
			sourceTree = "<group>";
		};
		AB6710F0231E803600E2897E /* View */ = {
			isa = PBXGroup;
			children = (
				ABD335E3231FFE850023AC98 /* POView */,
				ABB7B3552319405B0084B44D /* Main.storyboard */,
				ABAC16092327625900DF0059 /* ViewController.swift */,
				AB6710F4231E821C00E2897E /* EmailSignInPopUpVC.swift */,
				AB6710F8231F83FD00E2897E /* BaseVC.swift */,
				ABD335E6231FFED30023AC98 /* BaseCVCell.swift */,
				AB2E20CD23263589008AAB12 /* BaseTVCell.swift */,
			);
			path = View;
			sourceTree = "<group>";
		};
		AB6710F1231E803D00E2897E /* View Model */ = {
			isa = PBXGroup;
			children = (
				AB6710F6231E9F6B00E2897E /* FirebaseManager.swift */,
				ABFF65E22321179300AD13D3 /* POViewModel.swift */,
				AB6C8087232F60CE00B8D760 /* ProductBacklogsViewModel.swift */,
			);
			path = "View Model";
			sourceTree = "<group>";
		};
		ABB7B3452319405A0084B44D = {
			isa = PBXGroup;
			children = (
				AB6710EB231E4DE300E2897E /* .swiftlint.yml */,
				ABB7B3502319405A0084B44D /* AgileSrintPlanner */,
				ABB7B34F2319405A0084B44D /* Products */,
				3EC762DC9F0C81989BC4FF14 /* Pods */,
				874EEA71BA14BE321B7DDA6A /* Frameworks */,
			);
			sourceTree = "<group>";
		};
		ABB7B34F2319405A0084B44D /* Products */ = {
			isa = PBXGroup;
			children = (
				ABB7B34E2319405A0084B44D /* AgileSrintPlanner.app */,
			);
			name = Products;
			sourceTree = "<group>";
		};
		ABB7B3502319405A0084B44D /* AgileSrintPlanner */ = {
			isa = PBXGroup;
			children = (
				AB6710F1231E803D00E2897E /* View Model */,
				AB6710F0231E803600E2897E /* View */,
				AB6710EF231E802800E2897E /* Model */,
				AB2B3E72231E28AD00B22599 /* GoogleService-Info.plist */,
				ABB7B3512319405B0084B44D /* AppDelegate.swift */,
				ABB7B358231940670084B44D /* Assets.xcassets */,
				ABB7B35A231940670084B44D /* LaunchScreen.storyboard */,
				ABB7B35D231940670084B44D /* Info.plist */,
			);
			path = AgileSrintPlanner;
			sourceTree = "<group>";
		};
		ABD335E3231FFE850023AC98 /* POView */ = {
			isa = PBXGroup;
			children = (
				ABD335DD231FBFB50023AC98 /* ProductOwnerMainVC.swift */,
				ABD335E823200A150023AC98 /* AccDetailsVC.swift */,
				ABFF65E02321052100AD13D3 /* NewProjectPopOverVC.swift */,
				AB2E20CF2326365F008AAB12 /* ProjectDescriptionVC.swift */,
				ABD335E4231FFEC30023AC98 /* POProductBacklogCVCell.swift */,
				AB2E20CB2326352E008AAB12 /* ProjectDescriptionTVCell.swift */,
				ABAC160B2327717400DF0059 /* TeamMembersTVCell.swift */,
				AB2E20D323264F54008AAB12 /* ProductBacklogTVCell.swift */,
				ABAC160D232780BF00DF0059 /* TeamDisplayCVCell.swift */,
				AB171B0B232A864E00922E13 /* AddNewTeamMemberVC.swift */,
				AB171B0D232D3C3700922E13 /* Product Backlogs */,
			);
			path = POView;
			sourceTree = "<group>";
		};
/* End PBXGroup section */

/* Begin PBXNativeTarget section */
		ABB7B34D2319405A0084B44D /* AgileSrintPlanner */ = {
			isa = PBXNativeTarget;
			buildConfigurationList = ABB7B360231940670084B44D /* Build configuration list for PBXNativeTarget "AgileSrintPlanner" */;
			buildPhases = (
				970F07A033052612F9FFBA69 /* [CP] Check Pods Manifest.lock */,
				ABB7B34A2319405A0084B44D /* Sources */,
				ABB7B34B2319405A0084B44D /* Frameworks */,
				ABB7B34C2319405A0084B44D /* Resources */,
				663645F59EF2CDFFF632A494 /* [CP] Embed Pods Frameworks */,
				AB6710E9231E336700E2897E /* Run Script */,
				59AE8034414EAC188931F9D3 /* [CP] Copy Pods Resources */,
				AB6710EA231E4D2900E2897E /* ShellScript */,
			);
			buildRules = (
			);
			dependencies = (
			);
			name = AgileSrintPlanner;
			productName = AgileSrintPlanner;
			productReference = ABB7B34E2319405A0084B44D /* AgileSrintPlanner.app */;
			productType = "com.apple.product-type.application";
		};
/* End PBXNativeTarget section */

/* Begin PBXProject section */
		ABB7B3462319405A0084B44D /* Project object */ = {
			isa = PBXProject;
			attributes = {
				LastSwiftUpdateCheck = 1010;
				LastUpgradeCheck = 1010;
				ORGANIZATIONNAME = "Prakruth Nagaraj";
				TargetAttributes = {
					ABB7B34D2319405A0084B44D = {
						CreatedOnToolsVersion = 10.1;
					};
				};
			};
			buildConfigurationList = ABB7B3492319405A0084B44D /* Build configuration list for PBXProject "AgileSrintPlanner" */;
			compatibilityVersion = "Xcode 9.3";
			developmentRegion = en;
			hasScannedForEncodings = 0;
			knownRegions = (
				en,
				Base,
			);
			mainGroup = ABB7B3452319405A0084B44D;
			productRefGroup = ABB7B34F2319405A0084B44D /* Products */;
			projectDirPath = "";
			projectRoot = "";
			targets = (
				ABB7B34D2319405A0084B44D /* AgileSrintPlanner */,
			);
		};
/* End PBXProject section */

/* Begin PBXResourcesBuildPhase section */
		ABB7B34C2319405A0084B44D /* Resources */ = {
			isa = PBXResourcesBuildPhase;
			buildActionMask = 2147483647;
			files = (
				AB6710EC231E4DE300E2897E /* .swiftlint.yml in Resources */,
				ABB7B35C231940670084B44D /* LaunchScreen.storyboard in Resources */,
				AB2B3E73231E28AD00B22599 /* GoogleService-Info.plist in Resources */,
				ABB7B359231940670084B44D /* Assets.xcassets in Resources */,
				ABB7B3572319405B0084B44D /* Main.storyboard in Resources */,
			);
			runOnlyForDeploymentPostprocessing = 0;
		};
/* End PBXResourcesBuildPhase section */

/* Begin PBXShellScriptBuildPhase section */
		59AE8034414EAC188931F9D3 /* [CP] Copy Pods Resources */ = {
			isa = PBXShellScriptBuildPhase;
			buildActionMask = 2147483647;
			files = (
			);
			inputFileListPaths = (
				"${PODS_ROOT}/Target Support Files/Pods-AgileSrintPlanner/Pods-AgileSrintPlanner-resources-${CONFIGURATION}-input-files.xcfilelist",
			);
			name = "[CP] Copy Pods Resources";
			outputFileListPaths = (
				"${PODS_ROOT}/Target Support Files/Pods-AgileSrintPlanner/Pods-AgileSrintPlanner-resources-${CONFIGURATION}-output-files.xcfilelist",
			);
			runOnlyForDeploymentPostprocessing = 0;
			shellPath = /bin/sh;
			shellScript = "\"${PODS_ROOT}/Target Support Files/Pods-AgileSrintPlanner/Pods-AgileSrintPlanner-resources.sh\"\n";
			showEnvVarsInLog = 0;
		};
		663645F59EF2CDFFF632A494 /* [CP] Embed Pods Frameworks */ = {
			isa = PBXShellScriptBuildPhase;
			buildActionMask = 2147483647;
			files = (
			);
			inputFileListPaths = (
				"${PODS_ROOT}/Target Support Files/Pods-AgileSrintPlanner/Pods-AgileSrintPlanner-frameworks-${CONFIGURATION}-input-files.xcfilelist",
			);
			name = "[CP] Embed Pods Frameworks";
			outputFileListPaths = (
				"${PODS_ROOT}/Target Support Files/Pods-AgileSrintPlanner/Pods-AgileSrintPlanner-frameworks-${CONFIGURATION}-output-files.xcfilelist",
			);
			runOnlyForDeploymentPostprocessing = 0;
			shellPath = /bin/sh;
			shellScript = "\"${PODS_ROOT}/Target Support Files/Pods-AgileSrintPlanner/Pods-AgileSrintPlanner-frameworks.sh\"\n";
			showEnvVarsInLog = 0;
		};
		970F07A033052612F9FFBA69 /* [CP] Check Pods Manifest.lock */ = {
			isa = PBXShellScriptBuildPhase;
			buildActionMask = 2147483647;
			files = (
			);
			inputFileListPaths = (
			);
			inputPaths = (
				"${PODS_PODFILE_DIR_PATH}/Podfile.lock",
				"${PODS_ROOT}/Manifest.lock",
			);
			name = "[CP] Check Pods Manifest.lock";
			outputFileListPaths = (
			);
			outputPaths = (
				"$(DERIVED_FILE_DIR)/Pods-AgileSrintPlanner-checkManifestLockResult.txt",
			);
			runOnlyForDeploymentPostprocessing = 0;
			shellPath = /bin/sh;
			shellScript = "diff \"${PODS_PODFILE_DIR_PATH}/Podfile.lock\" \"${PODS_ROOT}/Manifest.lock\" > /dev/null\nif [ $? != 0 ] ; then\n    # print error to STDERR\n    echo \"error: The sandbox is not in sync with the Podfile.lock. Run 'pod install' or update your CocoaPods installation.\" >&2\n    exit 1\nfi\n# This output is used by Xcode 'outputs' to avoid re-running this script phase.\necho \"SUCCESS\" > \"${SCRIPT_OUTPUT_FILE_0}\"\n";
			showEnvVarsInLog = 0;
		};
		AB6710E9231E336700E2897E /* Run Script */ = {
			isa = PBXShellScriptBuildPhase;
			buildActionMask = 2147483647;
			files = (
			);
			inputFileListPaths = (
			);
			inputPaths = (
				"$(SRCROOT)/$(BUILT_PRODUCTS_DIR)/$(INFOPLIST_PATH)",
			);
			name = "Run Script";
			outputFileListPaths = (
			);
			outputPaths = (
			);
			runOnlyForDeploymentPostprocessing = 0;
			shellPath = /bin/sh;
			shellScript = "# Type a script or drag a script file from your workspace to insert its path.\n\"${PODS_ROOT}/Fabric/run\"\n";
		};
		AB6710EA231E4D2900E2897E /* ShellScript */ = {
			isa = PBXShellScriptBuildPhase;
			buildActionMask = 2147483647;
			files = (
			);
			inputFileListPaths = (
			);
			inputPaths = (
			);
			outputFileListPaths = (
			);
			outputPaths = (
			);
			runOnlyForDeploymentPostprocessing = 0;
			shellPath = /bin/sh;
			shellScript = "if which swiftlint >/dev/null; then\nswiftlint\nelse\necho \"warning: SwiftLint not installed, download from https://github.com/realm/SwiftLint\"\nfi\n";
		};
/* End PBXShellScriptBuildPhase section */

/* Begin PBXSourcesBuildPhase section */
		ABB7B34A2319405A0084B44D /* Sources */ = {
			isa = PBXSourcesBuildPhase;
			buildActionMask = 2147483647;
			files = (
				AB39F1D02330A47600A4719D /* StoriesDescriptionVC.swift in Sources */,
				AB2E20CE23263589008AAB12 /* BaseTVCell.swift in Sources */,
				ABAC160E232780BF00DF0059 /* TeamDisplayCVCell.swift in Sources */,
				AB39F1D8233119B000A4719D /* SprintDisplayCVCell.swift in Sources */,
				AB6C8080232F5AF600B8D760 /* AddNewStoryVC.swift in Sources */,
				AB6710F7231E9F6B00E2897E /* FirebaseManager.swift in Sources */,
				AB171B0F232D3E9900922E13 /* StoriesDisplayVC.swift in Sources */,
				AB2E20CC2326352E008AAB12 /* ProjectDescriptionTVCell.swift in Sources */,
				ABFF65E32321179300AD13D3 /* POViewModel.swift in Sources */,
				ABAC160A2327625900DF0059 /* ViewController.swift in Sources */,
				ABD335E7231FFED30023AC98 /* BaseCVCell.swift in Sources */,
				AB171B11232D3F9300922E13 /* StoriesDisplayTVCell.swift in Sources */,
				AB39F1D42331047200A4719D /* SprintDisplayVC.swift in Sources */,
				AB2E20D423264F54008AAB12 /* ProductBacklogTVCell.swift in Sources */,
				AB6C8086232F5EC200B8D760 /* ProductBacklog.swift in Sources */,
				AB39F1D623310B6D00A4719D /* SprintDisplayTVCell.swift in Sources */,
				AB6710F5231E821C00E2897E /* EmailSignInPopUpVC.swift in Sources */,
				ABD335E0231FC87A0023AC98 /* ProductOwner.swift in Sources */,
				AB39F1D22330A4C000A4719D /* StoryDescriptionTVCell.swift in Sources */,
				AB171B0C232A864E00922E13 /* AddNewTeamMemberVC.swift in Sources */,
				AB6C8082232F5B5F00B8D760 /* AddNewStoryDataPickerTVCell.swift in Sources */,
				AB6C8088232F60CE00B8D760 /* ProductBacklogsViewModel.swift in Sources */,
				ABD335E923200A150023AC98 /* AccDetailsVC.swift in Sources */,
				ABAC160C2327717400DF0059 /* TeamMembersTVCell.swift in Sources */,
				AB2E20D02326365F008AAB12 /* ProjectDescriptionVC.swift in Sources */,
				ABD335DE231FBFB50023AC98 /* ProductOwnerMainVC.swift in Sources */,
				ABB7B3522319405B0084B44D /* AppDelegate.swift in Sources */,
				AB6710F9231F83FD00E2897E /* BaseVC.swift in Sources */,
				ABFF65E12321052100AD13D3 /* NewProjectPopOverVC.swift in Sources */,
				AB6C8084232F5B7500B8D760 /* AddNewStoryTextViewTVCell.swift in Sources */,
				ABD335E5231FFEC30023AC98 /* POProductBacklogCVCell.swift in Sources */,
				ABD335E2231FC8940023AC98 /* Constants.swift in Sources */,
			);
			runOnlyForDeploymentPostprocessing = 0;
		};
/* End PBXSourcesBuildPhase section */

/* Begin PBXVariantGroup section */
		ABB7B3552319405B0084B44D /* Main.storyboard */ = {
			isa = PBXVariantGroup;
			children = (
				ABB7B3562319405B0084B44D /* Base */,
			);
			name = Main.storyboard;
			sourceTree = "<group>";
		};
		ABB7B35A231940670084B44D /* LaunchScreen.storyboard */ = {
			isa = PBXVariantGroup;
			children = (
				ABB7B35B231940670084B44D /* Base */,
			);
			name = LaunchScreen.storyboard;
			sourceTree = "<group>";
		};
/* End PBXVariantGroup section */

/* Begin XCBuildConfiguration section */
		ABB7B35E231940670084B44D /* Debug */ = {
			isa = XCBuildConfiguration;
			buildSettings = {
				ALWAYS_SEARCH_USER_PATHS = NO;
				CLANG_ANALYZER_NONNULL = YES;
				CLANG_ANALYZER_NUMBER_OBJECT_CONVERSION = YES_AGGRESSIVE;
				CLANG_CXX_LANGUAGE_STANDARD = "gnu++14";
				CLANG_CXX_LIBRARY = "libc++";
				CLANG_ENABLE_MODULES = YES;
				CLANG_ENABLE_OBJC_ARC = YES;
				CLANG_ENABLE_OBJC_WEAK = YES;
				CLANG_WARN_BLOCK_CAPTURE_AUTORELEASING = YES;
				CLANG_WARN_BOOL_CONVERSION = YES;
				CLANG_WARN_COMMA = YES;
				CLANG_WARN_CONSTANT_CONVERSION = YES;
				CLANG_WARN_DEPRECATED_OBJC_IMPLEMENTATIONS = YES;
				CLANG_WARN_DIRECT_OBJC_ISA_USAGE = YES_ERROR;
				CLANG_WARN_DOCUMENTATION_COMMENTS = YES;
				CLANG_WARN_EMPTY_BODY = YES;
				CLANG_WARN_ENUM_CONVERSION = YES;
				CLANG_WARN_INFINITE_RECURSION = YES;
				CLANG_WARN_INT_CONVERSION = YES;
				CLANG_WARN_NON_LITERAL_NULL_CONVERSION = YES;
				CLANG_WARN_OBJC_IMPLICIT_RETAIN_SELF = YES;
				CLANG_WARN_OBJC_LITERAL_CONVERSION = YES;
				CLANG_WARN_OBJC_ROOT_CLASS = YES_ERROR;
				CLANG_WARN_RANGE_LOOP_ANALYSIS = YES;
				CLANG_WARN_STRICT_PROTOTYPES = YES;
				CLANG_WARN_SUSPICIOUS_MOVE = YES;
				CLANG_WARN_UNGUARDED_AVAILABILITY = YES_AGGRESSIVE;
				CLANG_WARN_UNREACHABLE_CODE = YES;
				CLANG_WARN__DUPLICATE_METHOD_MATCH = YES;
				CODE_SIGN_IDENTITY = "iPhone Developer";
				COPY_PHASE_STRIP = NO;
				DEBUG_INFORMATION_FORMAT = dwarf;
				ENABLE_STRICT_OBJC_MSGSEND = YES;
				ENABLE_TESTABILITY = YES;
				GCC_C_LANGUAGE_STANDARD = gnu11;
				GCC_DYNAMIC_NO_PIC = NO;
				GCC_NO_COMMON_BLOCKS = YES;
				GCC_OPTIMIZATION_LEVEL = 0;
				GCC_PREPROCESSOR_DEFINITIONS = (
					"DEBUG=1",
					"$(inherited)",
				);
				GCC_WARN_64_TO_32_BIT_CONVERSION = YES;
				GCC_WARN_ABOUT_RETURN_TYPE = YES_ERROR;
				GCC_WARN_UNDECLARED_SELECTOR = YES;
				GCC_WARN_UNINITIALIZED_AUTOS = YES_AGGRESSIVE;
				GCC_WARN_UNUSED_FUNCTION = YES;
				GCC_WARN_UNUSED_VARIABLE = YES;
				IPHONEOS_DEPLOYMENT_TARGET = 12.1;
				MTL_ENABLE_DEBUG_INFO = INCLUDE_SOURCE;
				MTL_FAST_MATH = YES;
				ONLY_ACTIVE_ARCH = YES;
				SDKROOT = iphoneos;
				SWIFT_ACTIVE_COMPILATION_CONDITIONS = DEBUG;
				SWIFT_OPTIMIZATION_LEVEL = "-Onone";
			};
			name = Debug;
		};
		ABB7B35F231940670084B44D /* Release */ = {
			isa = XCBuildConfiguration;
			buildSettings = {
				ALWAYS_SEARCH_USER_PATHS = NO;
				CLANG_ANALYZER_NONNULL = YES;
				CLANG_ANALYZER_NUMBER_OBJECT_CONVERSION = YES_AGGRESSIVE;
				CLANG_CXX_LANGUAGE_STANDARD = "gnu++14";
				CLANG_CXX_LIBRARY = "libc++";
				CLANG_ENABLE_MODULES = YES;
				CLANG_ENABLE_OBJC_ARC = YES;
				CLANG_ENABLE_OBJC_WEAK = YES;
				CLANG_WARN_BLOCK_CAPTURE_AUTORELEASING = YES;
				CLANG_WARN_BOOL_CONVERSION = YES;
				CLANG_WARN_COMMA = YES;
				CLANG_WARN_CONSTANT_CONVERSION = YES;
				CLANG_WARN_DEPRECATED_OBJC_IMPLEMENTATIONS = YES;
				CLANG_WARN_DIRECT_OBJC_ISA_USAGE = YES_ERROR;
				CLANG_WARN_DOCUMENTATION_COMMENTS = YES;
				CLANG_WARN_EMPTY_BODY = YES;
				CLANG_WARN_ENUM_CONVERSION = YES;
				CLANG_WARN_INFINITE_RECURSION = YES;
				CLANG_WARN_INT_CONVERSION = YES;
				CLANG_WARN_NON_LITERAL_NULL_CONVERSION = YES;
				CLANG_WARN_OBJC_IMPLICIT_RETAIN_SELF = YES;
				CLANG_WARN_OBJC_LITERAL_CONVERSION = YES;
				CLANG_WARN_OBJC_ROOT_CLASS = YES_ERROR;
				CLANG_WARN_RANGE_LOOP_ANALYSIS = YES;
				CLANG_WARN_STRICT_PROTOTYPES = YES;
				CLANG_WARN_SUSPICIOUS_MOVE = YES;
				CLANG_WARN_UNGUARDED_AVAILABILITY = YES_AGGRESSIVE;
				CLANG_WARN_UNREACHABLE_CODE = YES;
				CLANG_WARN__DUPLICATE_METHOD_MATCH = YES;
				CODE_SIGN_IDENTITY = "iPhone Developer";
				COPY_PHASE_STRIP = NO;
				DEBUG_INFORMATION_FORMAT = "dwarf-with-dsym";
				ENABLE_NS_ASSERTIONS = NO;
				ENABLE_STRICT_OBJC_MSGSEND = YES;
				GCC_C_LANGUAGE_STANDARD = gnu11;
				GCC_NO_COMMON_BLOCKS = YES;
				GCC_WARN_64_TO_32_BIT_CONVERSION = YES;
				GCC_WARN_ABOUT_RETURN_TYPE = YES_ERROR;
				GCC_WARN_UNDECLARED_SELECTOR = YES;
				GCC_WARN_UNINITIALIZED_AUTOS = YES_AGGRESSIVE;
				GCC_WARN_UNUSED_FUNCTION = YES;
				GCC_WARN_UNUSED_VARIABLE = YES;
				IPHONEOS_DEPLOYMENT_TARGET = 12.1;
				MTL_ENABLE_DEBUG_INFO = NO;
				MTL_FAST_MATH = YES;
				SDKROOT = iphoneos;
				SWIFT_COMPILATION_MODE = wholemodule;
				SWIFT_OPTIMIZATION_LEVEL = "-O";
				VALIDATE_PRODUCT = YES;
			};
			name = Release;
		};
		ABB7B361231940670084B44D /* Debug */ = {
			isa = XCBuildConfiguration;
			baseConfigurationReference = 029D984A44785ED6064C6CFF /* Pods-AgileSrintPlanner.debug.xcconfig */;
			buildSettings = {
				ASSETCATALOG_COMPILER_APPICON_NAME = AppIcon;
				CODE_SIGN_STYLE = Automatic;
				DEBUG_INFORMATION_FORMAT = "dwarf-with-dsym";
				INFOPLIST_FILE = AgileSrintPlanner/Info.plist;
				IPHONEOS_DEPLOYMENT_TARGET = 12.1;
				LD_RUNPATH_SEARCH_PATHS = (
					"$(inherited)",
					"@executable_path/Frameworks",
				);
				PRODUCT_BUNDLE_IDENTIFIER = com.ymedia.AgileSrintPlanner;
				PRODUCT_NAME = "$(TARGET_NAME)";
				SWIFT_VERSION = 4.2;
				TARGETED_DEVICE_FAMILY = "1,2";
			};
			name = Debug;
		};
		ABB7B362231940670084B44D /* Release */ = {
			isa = XCBuildConfiguration;
			baseConfigurationReference = 49ADB83A3E89659CDA3CF487 /* Pods-AgileSrintPlanner.release.xcconfig */;
			buildSettings = {
				ASSETCATALOG_COMPILER_APPICON_NAME = AppIcon;
				CODE_SIGN_STYLE = Automatic;
				INFOPLIST_FILE = AgileSrintPlanner/Info.plist;
				IPHONEOS_DEPLOYMENT_TARGET = 12.1;
				LD_RUNPATH_SEARCH_PATHS = (
					"$(inherited)",
					"@executable_path/Frameworks",
				);
				PRODUCT_BUNDLE_IDENTIFIER = com.ymedia.AgileSrintPlanner;
				PRODUCT_NAME = "$(TARGET_NAME)";
				SWIFT_VERSION = 4.2;
				TARGETED_DEVICE_FAMILY = "1,2";
			};
			name = Release;
		};
/* End XCBuildConfiguration section */

/* Begin XCConfigurationList section */
		ABB7B3492319405A0084B44D /* Build configuration list for PBXProject "AgileSrintPlanner" */ = {
			isa = XCConfigurationList;
			buildConfigurations = (
				ABB7B35E231940670084B44D /* Debug */,
				ABB7B35F231940670084B44D /* Release */,
			);
			defaultConfigurationIsVisible = 0;
			defaultConfigurationName = Release;
		};
		ABB7B360231940670084B44D /* Build configuration list for PBXNativeTarget "AgileSrintPlanner" */ = {
			isa = XCConfigurationList;
			buildConfigurations = (
				ABB7B361231940670084B44D /* Debug */,
				ABB7B362231940670084B44D /* Release */,
			);
			defaultConfigurationIsVisible = 0;
			defaultConfigurationName = Release;
		};
/* End XCConfigurationList section */
	};
	rootObject = ABB7B3462319405A0084B44D /* Project object */;
}
