// !$*UTF8*$!
{
	archiveVersion = 1;
	classes = {
	};
	objectVersion = 50;
	objects = {

/* Begin PBXBuildFile section */
		AB24C155230E9DEE00713E32 /* OnboardScreenData.swift in Sources */ = {isa = PBXBuildFile; fileRef = AB24C154230E9DEE00713E32 /* OnboardScreenData.swift */; };
		AB24C157230E9E5800713E32 /* WorkVCData.swift in Sources */ = {isa = PBXBuildFile; fileRef = AB24C156230E9E5800713E32 /* WorkVCData.swift */; };
		AB24C159230EA6A700713E32 /* WorkVCTableViewCell.swift in Sources */ = {isa = PBXBuildFile; fileRef = AB24C158230EA6A700713E32 /* WorkVCTableViewCell.swift */; };
		AB2569B7230BD5460034BCBF /* CollectionViewCell.swift in Sources */ = {isa = PBXBuildFile; fileRef = AB2569B6230BD5460034BCBF /* CollectionViewCell.swift */; };
		AB2644C6230EEA3200D91AB4 /* WebViewVC3.swift in Sources */ = {isa = PBXBuildFile; fileRef = AB2644C5230EEA3200D91AB4 /* WebViewVC3.swift */; };
		AB98024E230D4DC3006434CC /* WorkVC.swift in Sources */ = {isa = PBXBuildFile; fileRef = AB98024D230D4DC3006434CC /* WorkVC.swift */; };
		AB980250230D556B006434CC /* AboutUsVC.swift in Sources */ = {isa = PBXBuildFile; fileRef = AB98024F230D556B006434CC /* AboutUsVC.swift */; };
		AB980252230D557B006434CC /* NewsVC.swift in Sources */ = {isa = PBXBuildFile; fileRef = AB980251230D557B006434CC /* NewsVC.swift */; };
		AB980254230D5594006434CC /* CarrersVC.swift in Sources */ = {isa = PBXBuildFile; fileRef = AB980253230D5594006434CC /* CarrersVC.swift */; };
		AB980256230D55A2006434CC /* ContactUsVC.swift in Sources */ = {isa = PBXBuildFile; fileRef = AB980255230D55A2006434CC /* ContactUsVC.swift */; };
		ABB9437B22FD480D00134826 /* AppDelegate.swift in Sources */ = {isa = PBXBuildFile; fileRef = ABB9437A22FD480D00134826 /* AppDelegate.swift */; };
		ABB9437D22FD480D00134826 /* ViewController.swift in Sources */ = {isa = PBXBuildFile; fileRef = ABB9437C22FD480D00134826 /* ViewController.swift */; };
		ABB9438022FD480D00134826 /* Main.storyboard in Resources */ = {isa = PBXBuildFile; fileRef = ABB9437E22FD480D00134826 /* Main.storyboard */; };
		ABB9438222FD480F00134826 /* Assets.xcassets in Resources */ = {isa = PBXBuildFile; fileRef = ABB9438122FD480F00134826 /* Assets.xcassets */; };
		ABB9438522FD480F00134826 /* LaunchScreen.storyboard in Resources */ = {isa = PBXBuildFile; fileRef = ABB9438322FD480F00134826 /* LaunchScreen.storyboard */; };
/* End PBXBuildFile section */

/* Begin PBXFileReference section */
		AB24C154230E9DEE00713E32 /* OnboardScreenData.swift */ = {isa = PBXFileReference; lastKnownFileType = sourcecode.swift; path = OnboardScreenData.swift; sourceTree = "<group>"; };
		AB24C156230E9E5800713E32 /* WorkVCData.swift */ = {isa = PBXFileReference; lastKnownFileType = sourcecode.swift; path = WorkVCData.swift; sourceTree = "<group>"; };
		AB24C158230EA6A700713E32 /* WorkVCTableViewCell.swift */ = {isa = PBXFileReference; lastKnownFileType = sourcecode.swift; path = WorkVCTableViewCell.swift; sourceTree = "<group>"; };
		AB2569B6230BD5460034BCBF /* CollectionViewCell.swift */ = {isa = PBXFileReference; lastKnownFileType = sourcecode.swift; path = CollectionViewCell.swift; sourceTree = "<group>"; };
		AB2644C5230EEA3200D91AB4 /* WebViewVC3.swift */ = {isa = PBXFileReference; lastKnownFileType = sourcecode.swift; path = WebViewVC3.swift; sourceTree = "<group>"; };
		AB98024D230D4DC3006434CC /* WorkVC.swift */ = {isa = PBXFileReference; lastKnownFileType = sourcecode.swift; path = WorkVC.swift; sourceTree = "<group>"; };
		AB98024F230D556B006434CC /* AboutUsVC.swift */ = {isa = PBXFileReference; lastKnownFileType = sourcecode.swift; path = AboutUsVC.swift; sourceTree = "<group>"; };
		AB980251230D557B006434CC /* NewsVC.swift */ = {isa = PBXFileReference; lastKnownFileType = sourcecode.swift; path = NewsVC.swift; sourceTree = "<group>"; };
		AB980253230D5594006434CC /* CarrersVC.swift */ = {isa = PBXFileReference; lastKnownFileType = sourcecode.swift; path = CarrersVC.swift; sourceTree = "<group>"; };
		AB980255230D55A2006434CC /* ContactUsVC.swift */ = {isa = PBXFileReference; lastKnownFileType = sourcecode.swift; path = ContactUsVC.swift; sourceTree = "<group>"; };
		ABB9437722FD480D00134826 /* Yml_Application.app */ = {isa = PBXFileReference; explicitFileType = wrapper.application; includeInIndex = 0; path = Yml_Application.app; sourceTree = BUILT_PRODUCTS_DIR; };
		ABB9437A22FD480D00134826 /* AppDelegate.swift */ = {isa = PBXFileReference; lastKnownFileType = sourcecode.swift; path = AppDelegate.swift; sourceTree = "<group>"; };
		ABB9437C22FD480D00134826 /* ViewController.swift */ = {isa = PBXFileReference; lastKnownFileType = sourcecode.swift; path = ViewController.swift; sourceTree = "<group>"; };
		ABB9437F22FD480D00134826 /* Base */ = {isa = PBXFileReference; lastKnownFileType = file.storyboard; name = Base; path = Base.lproj/Main.storyboard; sourceTree = "<group>"; };
		ABB9438122FD480F00134826 /* Assets.xcassets */ = {isa = PBXFileReference; lastKnownFileType = folder.assetcatalog; path = Assets.xcassets; sourceTree = "<group>"; };
		ABB9438422FD480F00134826 /* Base */ = {isa = PBXFileReference; lastKnownFileType = file.storyboard; name = Base; path = Base.lproj/LaunchScreen.storyboard; sourceTree = "<group>"; };
		ABB9438622FD480F00134826 /* Info.plist */ = {isa = PBXFileReference; lastKnownFileType = text.plist.xml; path = Info.plist; sourceTree = "<group>"; };
/* End PBXFileReference section */

/* Begin PBXFrameworksBuildPhase section */
		ABB9437422FD480D00134826 /* Frameworks */ = {
			isa = PBXFrameworksBuildPhase;
			buildActionMask = 2147483647;
			files = (
			);
			runOnlyForDeploymentPostprocessing = 0;
		};
/* End PBXFrameworksBuildPhase section */

/* Begin PBXGroup section */
		AB24C153230E9D9600713E32 /* Models */ = {
			isa = PBXGroup;
			children = (
				AB24C154230E9DEE00713E32 /* OnboardScreenData.swift */,
				AB24C156230E9E5800713E32 /* WorkVCData.swift */,
			);
			path = Models;
			sourceTree = "<group>";
		};
		ABB9436E22FD480D00134826 = {
			isa = PBXGroup;
			children = (
				AB24C153230E9D9600713E32 /* Models */,
				ABB9437922FD480D00134826 /* Yml_Application */,
				ABB9437822FD480D00134826 /* Products */,
			);
			sourceTree = "<group>";
		};
		ABB9437822FD480D00134826 /* Products */ = {
			isa = PBXGroup;
			children = (
				ABB9437722FD480D00134826 /* Yml_Application.app */,
			);
			name = Products;
			sourceTree = "<group>";
		};
		ABB9437922FD480D00134826 /* Yml_Application */ = {
			isa = PBXGroup;
			children = (
				ABB9437A22FD480D00134826 /* AppDelegate.swift */,
				ABB9437C22FD480D00134826 /* ViewController.swift */,
				AB2569B6230BD5460034BCBF /* CollectionViewCell.swift */,
				ABB9437E22FD480D00134826 /* Main.storyboard */,
				AB98024F230D556B006434CC /* AboutUsVC.swift */,
				AB980251230D557B006434CC /* NewsVC.swift */,
				AB980253230D5594006434CC /* CarrersVC.swift */,
				AB980255230D55A2006434CC /* ContactUsVC.swift */,
				AB98024D230D4DC3006434CC /* WorkVC.swift */,
				AB24C158230EA6A700713E32 /* WorkVCTableViewCell.swift */,
				ABB9438122FD480F00134826 /* Assets.xcassets */,
				ABB9438322FD480F00134826 /* LaunchScreen.storyboard */,
				ABB9438622FD480F00134826 /* Info.plist */,
				AB2644C5230EEA3200D91AB4 /* WebViewVC3.swift */,
			);
			path = Yml_Application;
			sourceTree = "<group>";
		};
/* End PBXGroup section */

/* Begin PBXNativeTarget section */
		ABB9437622FD480D00134826 /* Yml_Application */ = {
			isa = PBXNativeTarget;
			buildConfigurationList = ABB9438922FD480F00134826 /* Build configuration list for PBXNativeTarget "Yml_Application" */;
			buildPhases = (
				ABB9437322FD480D00134826 /* Sources */,
				ABB9437422FD480D00134826 /* Frameworks */,
				ABB9437522FD480D00134826 /* Resources */,
			);
			buildRules = (
			);
			dependencies = (
			);
			name = Yml_Application;
			productName = Yml_Application;
			productReference = ABB9437722FD480D00134826 /* Yml_Application.app */;
			productType = "com.apple.product-type.application";
		};
/* End PBXNativeTarget section */

/* Begin PBXProject section */
		ABB9436F22FD480D00134826 /* Project object */ = {
			isa = PBXProject;
			attributes = {
				LastSwiftUpdateCheck = 1010;
				LastUpgradeCheck = 1010;
				ORGANIZATIONNAME = "Prakruth Nagaraj";
				TargetAttributes = {
					ABB9437622FD480D00134826 = {
						CreatedOnToolsVersion = 10.1;
					};
				};
			};
			buildConfigurationList = ABB9437222FD480D00134826 /* Build configuration list for PBXProject "Yml_Application" */;
			compatibilityVersion = "Xcode 9.3";
			developmentRegion = en;
			hasScannedForEncodings = 0;
			knownRegions = (
				en,
				Base,
			);
			mainGroup = ABB9436E22FD480D00134826;
			productRefGroup = ABB9437822FD480D00134826 /* Products */;
			projectDirPath = "";
			projectRoot = "";
			targets = (
				ABB9437622FD480D00134826 /* Yml_Application */,
			);
		};
/* End PBXProject section */

/* Begin PBXResourcesBuildPhase section */
		ABB9437522FD480D00134826 /* Resources */ = {
			isa = PBXResourcesBuildPhase;
			buildActionMask = 2147483647;
			files = (
				ABB9438522FD480F00134826 /* LaunchScreen.storyboard in Resources */,
				ABB9438222FD480F00134826 /* Assets.xcassets in Resources */,
				ABB9438022FD480D00134826 /* Main.storyboard in Resources */,
			);
			runOnlyForDeploymentPostprocessing = 0;
		};
/* End PBXResourcesBuildPhase section */

/* Begin PBXSourcesBuildPhase section */
		ABB9437322FD480D00134826 /* Sources */ = {
			isa = PBXSourcesBuildPhase;
			buildActionMask = 2147483647;
			files = (
				AB980254230D5594006434CC /* CarrersVC.swift in Sources */,
				AB980256230D55A2006434CC /* ContactUsVC.swift in Sources */,
				ABB9437D22FD480D00134826 /* ViewController.swift in Sources */,
				ABB9437B22FD480D00134826 /* AppDelegate.swift in Sources */,
				AB98024E230D4DC3006434CC /* WorkVC.swift in Sources */,
				AB24C159230EA6A700713E32 /* WorkVCTableViewCell.swift in Sources */,
				AB24C157230E9E5800713E32 /* WorkVCData.swift in Sources */,
				AB24C155230E9DEE00713E32 /* OnboardScreenData.swift in Sources */,
				AB2569B7230BD5460034BCBF /* CollectionViewCell.swift in Sources */,
				AB980250230D556B006434CC /* AboutUsVC.swift in Sources */,
				AB2644C6230EEA3200D91AB4 /* WebViewVC3.swift in Sources */,
				AB980252230D557B006434CC /* NewsVC.swift in Sources */,
			);
			runOnlyForDeploymentPostprocessing = 0;
		};
/* End PBXSourcesBuildPhase section */

/* Begin PBXVariantGroup section */
		ABB9437E22FD480D00134826 /* Main.storyboard */ = {
			isa = PBXVariantGroup;
			children = (
				ABB9437F22FD480D00134826 /* Base */,
			);
			name = Main.storyboard;
			sourceTree = "<group>";
		};
		ABB9438322FD480F00134826 /* LaunchScreen.storyboard */ = {
			isa = PBXVariantGroup;
			children = (
				ABB9438422FD480F00134826 /* Base */,
			);
			name = LaunchScreen.storyboard;
			sourceTree = "<group>";
		};
/* End PBXVariantGroup section */

/* Begin XCBuildConfiguration section */
		ABB9438722FD480F00134826 /* Debug */ = {
			isa = XCBuildConfiguration;
			buildSettings = {
				ALWAYS_SEARCH_USER_PATHS = NO;
				CLANG_ANALYZER_NONNULL = YES;
				CLANG_ANALYZER_NUMBER_OBJECT_CONVERSION = YES_AGGRESSIVE;
				CLANG_CXX_LANGUAGE_STANDARD = "gnu++14";
				CLANG_CXX_LIBRARY = "libc++";
				CLANG_ENABLE_MODULES = YES;
				CLANG_ENABLE_OBJC_ARC = YES;
				CLANG_ENABLE_OBJC_WEAK = YES;
				CLANG_WARN_BLOCK_CAPTURE_AUTORELEASING = YES;
				CLANG_WARN_BOOL_CONVERSION = YES;
				CLANG_WARN_COMMA = YES;
				CLANG_WARN_CONSTANT_CONVERSION = YES;
				CLANG_WARN_DEPRECATED_OBJC_IMPLEMENTATIONS = YES;
				CLANG_WARN_DIRECT_OBJC_ISA_USAGE = YES_ERROR;
				CLANG_WARN_DOCUMENTATION_COMMENTS = YES;
				CLANG_WARN_EMPTY_BODY = YES;
				CLANG_WARN_ENUM_CONVERSION = YES;
				CLANG_WARN_INFINITE_RECURSION = YES;
				CLANG_WARN_INT_CONVERSION = YES;
				CLANG_WARN_NON_LITERAL_NULL_CONVERSION = YES;
				CLANG_WARN_OBJC_IMPLICIT_RETAIN_SELF = YES;
				CLANG_WARN_OBJC_LITERAL_CONVERSION = YES;
				CLANG_WARN_OBJC_ROOT_CLASS = YES_ERROR;
				CLANG_WARN_RANGE_LOOP_ANALYSIS = YES;
				CLANG_WARN_STRICT_PROTOTYPES = YES;
				CLANG_WARN_SUSPICIOUS_MOVE = YES;
				CLANG_WARN_UNGUARDED_AVAILABILITY = YES_AGGRESSIVE;
				CLANG_WARN_UNREACHABLE_CODE = YES;
				CLANG_WARN__DUPLICATE_METHOD_MATCH = YES;
				CODE_SIGN_IDENTITY = "iPhone Developer";
				COPY_PHASE_STRIP = NO;
				DEBUG_INFORMATION_FORMAT = dwarf;
				ENABLE_STRICT_OBJC_MSGSEND = YES;
				ENABLE_TESTABILITY = YES;
				GCC_C_LANGUAGE_STANDARD = gnu11;
				GCC_DYNAMIC_NO_PIC = NO;
				GCC_NO_COMMON_BLOCKS = YES;
				GCC_OPTIMIZATION_LEVEL = 0;
				GCC_PREPROCESSOR_DEFINITIONS = (
					"DEBUG=1",
					"$(inherited)",
				);
				GCC_WARN_64_TO_32_BIT_CONVERSION = YES;
				GCC_WARN_ABOUT_RETURN_TYPE = YES_ERROR;
				GCC_WARN_UNDECLARED_SELECTOR = YES;
				GCC_WARN_UNINITIALIZED_AUTOS = YES_AGGRESSIVE;
				GCC_WARN_UNUSED_FUNCTION = YES;
				GCC_WARN_UNUSED_VARIABLE = YES;
				IPHONEOS_DEPLOYMENT_TARGET = 12.1;
				MTL_ENABLE_DEBUG_INFO = INCLUDE_SOURCE;
				MTL_FAST_MATH = YES;
				ONLY_ACTIVE_ARCH = YES;
				SDKROOT = iphoneos;
				SWIFT_ACTIVE_COMPILATION_CONDITIONS = DEBUG;
				SWIFT_OPTIMIZATION_LEVEL = "-Onone";
			};
			name = Debug;
		};
		ABB9438822FD480F00134826 /* Release */ = {
			isa = XCBuildConfiguration;
			buildSettings = {
				ALWAYS_SEARCH_USER_PATHS = NO;
				CLANG_ANALYZER_NONNULL = YES;
				CLANG_ANALYZER_NUMBER_OBJECT_CONVERSION = YES_AGGRESSIVE;
				CLANG_CXX_LANGUAGE_STANDARD = "gnu++14";
				CLANG_CXX_LIBRARY = "libc++";
				CLANG_ENABLE_MODULES = YES;
				CLANG_ENABLE_OBJC_ARC = YES;
				CLANG_ENABLE_OBJC_WEAK = YES;
				CLANG_WARN_BLOCK_CAPTURE_AUTORELEASING = YES;
				CLANG_WARN_BOOL_CONVERSION = YES;
				CLANG_WARN_COMMA = YES;
				CLANG_WARN_CONSTANT_CONVERSION = YES;
				CLANG_WARN_DEPRECATED_OBJC_IMPLEMENTATIONS = YES;
				CLANG_WARN_DIRECT_OBJC_ISA_USAGE = YES_ERROR;
				CLANG_WARN_DOCUMENTATION_COMMENTS = YES;
				CLANG_WARN_EMPTY_BODY = YES;
				CLANG_WARN_ENUM_CONVERSION = YES;
				CLANG_WARN_INFINITE_RECURSION = YES;
				CLANG_WARN_INT_CONVERSION = YES;
				CLANG_WARN_NON_LITERAL_NULL_CONVERSION = YES;
				CLANG_WARN_OBJC_IMPLICIT_RETAIN_SELF = YES;
				CLANG_WARN_OBJC_LITERAL_CONVERSION = YES;
				CLANG_WARN_OBJC_ROOT_CLASS = YES_ERROR;
				CLANG_WARN_RANGE_LOOP_ANALYSIS = YES;
				CLANG_WARN_STRICT_PROTOTYPES = YES;
				CLANG_WARN_SUSPICIOUS_MOVE = YES;
				CLANG_WARN_UNGUARDED_AVAILABILITY = YES_AGGRESSIVE;
				CLANG_WARN_UNREACHABLE_CODE = YES;
				CLANG_WARN__DUPLICATE_METHOD_MATCH = YES;
				CODE_SIGN_IDENTITY = "iPhone Developer";
				COPY_PHASE_STRIP = NO;
				DEBUG_INFORMATION_FORMAT = "dwarf-with-dsym";
				ENABLE_NS_ASSERTIONS = NO;
				ENABLE_STRICT_OBJC_MSGSEND = YES;
				GCC_C_LANGUAGE_STANDARD = gnu11;
				GCC_NO_COMMON_BLOCKS = YES;
				GCC_WARN_64_TO_32_BIT_CONVERSION = YES;
				GCC_WARN_ABOUT_RETURN_TYPE = YES_ERROR;
				GCC_WARN_UNDECLARED_SELECTOR = YES;
				GCC_WARN_UNINITIALIZED_AUTOS = YES_AGGRESSIVE;
				GCC_WARN_UNUSED_FUNCTION = YES;
				GCC_WARN_UNUSED_VARIABLE = YES;
				IPHONEOS_DEPLOYMENT_TARGET = 12.1;
				MTL_ENABLE_DEBUG_INFO = NO;
				MTL_FAST_MATH = YES;
				SDKROOT = iphoneos;
				SWIFT_COMPILATION_MODE = wholemodule;
				SWIFT_OPTIMIZATION_LEVEL = "-O";
				VALIDATE_PRODUCT = YES;
			};
			name = Release;
		};
		ABB9438A22FD480F00134826 /* Debug */ = {
			isa = XCBuildConfiguration;
			buildSettings = {
				ASSETCATALOG_COMPILER_APPICON_NAME = AppIcon;
				CODE_SIGN_STYLE = Automatic;
				INFOPLIST_FILE = Yml_Application/Info.plist;
				LD_RUNPATH_SEARCH_PATHS = (
					"$(inherited)",
					"@executable_path/Frameworks",
				);
				PRODUCT_BUNDLE_IDENTIFIER = "com.ymedia.Yml-Application";
				PRODUCT_NAME = "$(TARGET_NAME)";
				SWIFT_VERSION = 4.2;
				TARGETED_DEVICE_FAMILY = "1,2";
			};
			name = Debug;
		};
		ABB9438B22FD480F00134826 /* Release */ = {
			isa = XCBuildConfiguration;
			buildSettings = {
				ASSETCATALOG_COMPILER_APPICON_NAME = AppIcon;
				CODE_SIGN_STYLE = Automatic;
				INFOPLIST_FILE = Yml_Application/Info.plist;
				LD_RUNPATH_SEARCH_PATHS = (
					"$(inherited)",
					"@executable_path/Frameworks",
				);
				PRODUCT_BUNDLE_IDENTIFIER = "com.ymedia.Yml-Application";
				PRODUCT_NAME = "$(TARGET_NAME)";
				SWIFT_VERSION = 4.2;
				TARGETED_DEVICE_FAMILY = "1,2";
			};
			name = Release;
		};
/* End XCBuildConfiguration section */

/* Begin XCConfigurationList section */
		ABB9437222FD480D00134826 /* Build configuration list for PBXProject "Yml_Application" */ = {
			isa = XCConfigurationList;
			buildConfigurations = (
				ABB9438722FD480F00134826 /* Debug */,
				ABB9438822FD480F00134826 /* Release */,
			);
			defaultConfigurationIsVisible = 0;
			defaultConfigurationName = Release;
		};
		ABB9438922FD480F00134826 /* Build configuration list for PBXNativeTarget "Yml_Application" */ = {
			isa = XCConfigurationList;
			buildConfigurations = (
				ABB9438A22FD480F00134826 /* Debug */,
				ABB9438B22FD480F00134826 /* Release */,
			);
			defaultConfigurationIsVisible = 0;
			defaultConfigurationName = Release;
		};
/* End XCConfigurationList section */
	};
	rootObject = ABB9436F22FD480D00134826 /* Project object */;
}
