// !$*UTF8*$!
{
	archiveVersion = 1;
	classes = {
	};
	objectVersion = 50;
	objects = {

/* Begin PBXBuildFile section */
		AB8A398322FC15990057225D /* AppDelegate.swift in Sources */ = {isa = PBXBuildFile; fileRef = AB8A398222FC15990057225D /* AppDelegate.swift */; };
		AB8A398522FC159C0057225D /* ViewController.swift in Sources */ = {isa = PBXBuildFile; fileRef = AB8A398422FC159C0057225D /* ViewController.swift */; };
		AB8A398822FC15A00057225D /* Main.storyboard in Resources */ = {isa = PBXBuildFile; fileRef = AB8A398622FC15A00057225D /* Main.storyboard */; };
		AB8A398A22FC15C30057225D /* Assets.xcassets in Resources */ = {isa = PBXBuildFile; fileRef = AB8A398922FC15C30057225D /* Assets.xcassets */; };
		AB8A398D22FC15C40057225D /* LaunchScreen.storyboard in Resources */ = {isa = PBXBuildFile; fileRef = AB8A398B22FC15C40057225D /* LaunchScreen.storyboard */; };
		AB8A399722FC417D0057225D /* ViaProgramVC.swift in Sources */ = {isa = PBXBuildFile; fileRef = AB8A399622FC417D0057225D /* ViaProgramVC.swift */; };
		AB8A399922FC419B0057225D /* StroyBoardVC.swift in Sources */ = {isa = PBXBuildFile; fileRef = AB8A399822FC419B0057225D /* StroyBoardVC.swift */; };
		ABB9438E22FDBB8D00134826 /* ProgramVC.swift in Sources */ = {isa = PBXBuildFile; fileRef = ABB9438C22FDBB8D00134826 /* ProgramVC.swift */; };
		ABB9438F22FDBB8D00134826 /* ProgramVC.xib in Resources */ = {isa = PBXBuildFile; fileRef = ABB9438D22FDBB8D00134826 /* ProgramVC.xib */; };
		ABB9439122FDC35900134826 /* ProgramV_C.swift in Sources */ = {isa = PBXBuildFile; fileRef = ABB9439022FDC35900134826 /* ProgramV_C.swift */; };
/* End PBXBuildFile section */

/* Begin PBXFileReference section */
		AB8A397F22FC15990057225D /* DEmo.app */ = {isa = PBXFileReference; explicitFileType = wrapper.application; includeInIndex = 0; path = DEmo.app; sourceTree = BUILT_PRODUCTS_DIR; };
		AB8A398222FC15990057225D /* AppDelegate.swift */ = {isa = PBXFileReference; lastKnownFileType = sourcecode.swift; path = AppDelegate.swift; sourceTree = "<group>"; };
		AB8A398422FC159C0057225D /* ViewController.swift */ = {isa = PBXFileReference; lastKnownFileType = sourcecode.swift; path = ViewController.swift; sourceTree = "<group>"; };
		AB8A398722FC15A00057225D /* Base */ = {isa = PBXFileReference; lastKnownFileType = file.storyboard; name = Base; path = Base.lproj/Main.storyboard; sourceTree = "<group>"; };
		AB8A398922FC15C30057225D /* Assets.xcassets */ = {isa = PBXFileReference; lastKnownFileType = folder.assetcatalog; path = Assets.xcassets; sourceTree = "<group>"; };
		AB8A398C22FC15C40057225D /* Base */ = {isa = PBXFileReference; lastKnownFileType = file.storyboard; name = Base; path = Base.lproj/LaunchScreen.storyboard; sourceTree = "<group>"; };
		AB8A398E22FC15C40057225D /* Info.plist */ = {isa = PBXFileReference; lastKnownFileType = text.plist.xml; path = Info.plist; sourceTree = "<group>"; };
		AB8A399622FC417D0057225D /* ViaProgramVC.swift */ = {isa = PBXFileReference; lastKnownFileType = sourcecode.swift; path = ViaProgramVC.swift; sourceTree = "<group>"; };
		AB8A399822FC419B0057225D /* StroyBoardVC.swift */ = {isa = PBXFileReference; lastKnownFileType = sourcecode.swift; path = StroyBoardVC.swift; sourceTree = "<group>"; };
		ABB9438C22FDBB8D00134826 /* ProgramVC.swift */ = {isa = PBXFileReference; lastKnownFileType = sourcecode.swift; path = ProgramVC.swift; sourceTree = "<group>"; };
		ABB9438D22FDBB8D00134826 /* ProgramVC.xib */ = {isa = PBXFileReference; lastKnownFileType = file.xib; path = ProgramVC.xib; sourceTree = "<group>"; };
		ABB9439022FDC35900134826 /* ProgramV_C.swift */ = {isa = PBXFileReference; lastKnownFileType = sourcecode.swift; path = ProgramV_C.swift; sourceTree = "<group>"; };
/* End PBXFileReference section */

/* Begin PBXFrameworksBuildPhase section */
		AB8A397C22FC15990057225D /* Frameworks */ = {
			isa = PBXFrameworksBuildPhase;
			buildActionMask = 2147483647;
			files = (
			);
			runOnlyForDeploymentPostprocessing = 0;
		};
/* End PBXFrameworksBuildPhase section */

/* Begin PBXGroup section */
		AB8A397622FC15980057225D = {
			isa = PBXGroup;
			children = (
				AB8A398122FC15990057225D /* DEmo */,
				AB8A398022FC15990057225D /* Products */,
			);
			sourceTree = "<group>";
		};
		AB8A398022FC15990057225D /* Products */ = {
			isa = PBXGroup;
			children = (
				AB8A397F22FC15990057225D /* DEmo.app */,
			);
			name = Products;
			sourceTree = "<group>";
		};
		AB8A398122FC15990057225D /* DEmo */ = {
			isa = PBXGroup;
			children = (
				AB8A398222FC15990057225D /* AppDelegate.swift */,
				AB8A398422FC159C0057225D /* ViewController.swift */,
				AB8A398622FC15A00057225D /* Main.storyboard */,
				AB8A398922FC15C30057225D /* Assets.xcassets */,
				AB8A398B22FC15C40057225D /* LaunchScreen.storyboard */,
				AB8A398E22FC15C40057225D /* Info.plist */,
				AB8A399622FC417D0057225D /* ViaProgramVC.swift */,
				ABB9438C22FDBB8D00134826 /* ProgramVC.swift */,
				ABB9438D22FDBB8D00134826 /* ProgramVC.xib */,
				AB8A399822FC419B0057225D /* StroyBoardVC.swift */,
				ABB9439022FDC35900134826 /* ProgramV_C.swift */,
			);
			path = DEmo;
			sourceTree = "<group>";
		};
/* End PBXGroup section */

/* Begin PBXNativeTarget section */
		AB8A397E22FC15990057225D /* DEmo */ = {
			isa = PBXNativeTarget;
			buildConfigurationList = AB8A399122FC15C40057225D /* Build configuration list for PBXNativeTarget "DEmo" */;
			buildPhases = (
				AB8A397B22FC15990057225D /* Sources */,
				AB8A397C22FC15990057225D /* Frameworks */,
				AB8A397D22FC15990057225D /* Resources */,
			);
			buildRules = (
			);
			dependencies = (
			);
			name = DEmo;
			productName = DEmo;
			productReference = AB8A397F22FC15990057225D /* DEmo.app */;
			productType = "com.apple.product-type.application";
		};
/* End PBXNativeTarget section */

/* Begin PBXProject section */
		AB8A397722FC15980057225D /* Project object */ = {
			isa = PBXProject;
			attributes = {
				LastSwiftUpdateCheck = 1010;
				LastUpgradeCheck = 1010;
				ORGANIZATIONNAME = "Prakruth Nagaraj";
				TargetAttributes = {
					AB8A397E22FC15990057225D = {
						CreatedOnToolsVersion = 10.1;
					};
				};
			};
			buildConfigurationList = AB8A397A22FC15980057225D /* Build configuration list for PBXProject "DEmo" */;
			compatibilityVersion = "Xcode 9.3";
			developmentRegion = en;
			hasScannedForEncodings = 0;
			knownRegions = (
				en,
				Base,
			);
			mainGroup = AB8A397622FC15980057225D;
			productRefGroup = AB8A398022FC15990057225D /* Products */;
			projectDirPath = "";
			projectRoot = "";
			targets = (
				AB8A397E22FC15990057225D /* DEmo */,
			);
		};
/* End PBXProject section */

/* Begin PBXResourcesBuildPhase section */
		AB8A397D22FC15990057225D /* Resources */ = {
			isa = PBXResourcesBuildPhase;
			buildActionMask = 2147483647;
			files = (
				AB8A398D22FC15C40057225D /* LaunchScreen.storyboard in Resources */,
				AB8A398A22FC15C30057225D /* Assets.xcassets in Resources */,
				AB8A398822FC15A00057225D /* Main.storyboard in Resources */,
				ABB9438F22FDBB8D00134826 /* ProgramVC.xib in Resources */,
			);
			runOnlyForDeploymentPostprocessing = 0;
		};
/* End PBXResourcesBuildPhase section */

/* Begin PBXSourcesBuildPhase section */
		AB8A397B22FC15990057225D /* Sources */ = {
			isa = PBXSourcesBuildPhase;
			buildActionMask = 2147483647;
			files = (
				AB8A399722FC417D0057225D /* ViaProgramVC.swift in Sources */,
				ABB9438E22FDBB8D00134826 /* ProgramVC.swift in Sources */,
				AB8A398522FC159C0057225D /* ViewController.swift in Sources */,
				AB8A398322FC15990057225D /* AppDelegate.swift in Sources */,
				AB8A399922FC419B0057225D /* StroyBoardVC.swift in Sources */,
				ABB9439122FDC35900134826 /* ProgramV_C.swift in Sources */,
			);
			runOnlyForDeploymentPostprocessing = 0;
		};
/* End PBXSourcesBuildPhase section */

/* Begin PBXVariantGroup section */
		AB8A398622FC15A00057225D /* Main.storyboard */ = {
			isa = PBXVariantGroup;
			children = (
				AB8A398722FC15A00057225D /* Base */,
			);
			name = Main.storyboard;
			sourceTree = "<group>";
		};
		AB8A398B22FC15C40057225D /* LaunchScreen.storyboard */ = {
			isa = PBXVariantGroup;
			children = (
				AB8A398C22FC15C40057225D /* Base */,
			);
			name = LaunchScreen.storyboard;
			sourceTree = "<group>";
		};
/* End PBXVariantGroup section */

/* Begin XCBuildConfiguration section */
		AB8A398F22FC15C40057225D /* Debug */ = {
			isa = XCBuildConfiguration;
			buildSettings = {
				ALWAYS_SEARCH_USER_PATHS = NO;
				CLANG_ANALYZER_NONNULL = YES;
				CLANG_ANALYZER_NUMBER_OBJECT_CONVERSION = YES_AGGRESSIVE;
				CLANG_CXX_LANGUAGE_STANDARD = "gnu++14";
				CLANG_CXX_LIBRARY = "libc++";
				CLANG_ENABLE_MODULES = YES;
				CLANG_ENABLE_OBJC_ARC = YES;
				CLANG_ENABLE_OBJC_WEAK = YES;
				CLANG_WARN_BLOCK_CAPTURE_AUTORELEASING = YES;
				CLANG_WARN_BOOL_CONVERSION = YES;
				CLANG_WARN_COMMA = YES;
				CLANG_WARN_CONSTANT_CONVERSION = YES;
				CLANG_WARN_DEPRECATED_OBJC_IMPLEMENTATIONS = YES;
				CLANG_WARN_DIRECT_OBJC_ISA_USAGE = YES_ERROR;
				CLANG_WARN_DOCUMENTATION_COMMENTS = YES;
				CLANG_WARN_EMPTY_BODY = YES;
				CLANG_WARN_ENUM_CONVERSION = YES;
				CLANG_WARN_INFINITE_RECURSION = YES;
				CLANG_WARN_INT_CONVERSION = YES;
				CLANG_WARN_NON_LITERAL_NULL_CONVERSION = YES;
				CLANG_WARN_OBJC_IMPLICIT_RETAIN_SELF = YES;
				CLANG_WARN_OBJC_LITERAL_CONVERSION = YES;
				CLANG_WARN_OBJC_ROOT_CLASS = YES_ERROR;
				CLANG_WARN_RANGE_LOOP_ANALYSIS = YES;
				CLANG_WARN_STRICT_PROTOTYPES = YES;
				CLANG_WARN_SUSPICIOUS_MOVE = YES;
				CLANG_WARN_UNGUARDED_AVAILABILITY = YES_AGGRESSIVE;
				CLANG_WARN_UNREACHABLE_CODE = YES;
				CLANG_WARN__DUPLICATE_METHOD_MATCH = YES;
				CODE_SIGN_IDENTITY = "iPhone Developer";
				COPY_PHASE_STRIP = NO;
				DEBUG_INFORMATION_FORMAT = dwarf;
				ENABLE_STRICT_OBJC_MSGSEND = YES;
				ENABLE_TESTABILITY = YES;
				GCC_C_LANGUAGE_STANDARD = gnu11;
				GCC_DYNAMIC_NO_PIC = NO;
				GCC_NO_COMMON_BLOCKS = YES;
				GCC_OPTIMIZATION_LEVEL = 0;
				GCC_PREPROCESSOR_DEFINITIONS = (
					"DEBUG=1",
					"$(inherited)",
				);
				GCC_WARN_64_TO_32_BIT_CONVERSION = YES;
				GCC_WARN_ABOUT_RETURN_TYPE = YES_ERROR;
				GCC_WARN_UNDECLARED_SELECTOR = YES;
				GCC_WARN_UNINITIALIZED_AUTOS = YES_AGGRESSIVE;
				GCC_WARN_UNUSED_FUNCTION = YES;
				GCC_WARN_UNUSED_VARIABLE = YES;
				IPHONEOS_DEPLOYMENT_TARGET = 12.1;
				MTL_ENABLE_DEBUG_INFO = INCLUDE_SOURCE;
				MTL_FAST_MATH = YES;
				ONLY_ACTIVE_ARCH = YES;
				SDKROOT = iphoneos;
				SWIFT_ACTIVE_COMPILATION_CONDITIONS = DEBUG;
				SWIFT_OPTIMIZATION_LEVEL = "-Onone";
			};
			name = Debug;
		};
		AB8A399022FC15C40057225D /* Release */ = {
			isa = XCBuildConfiguration;
			buildSettings = {
				ALWAYS_SEARCH_USER_PATHS = NO;
				CLANG_ANALYZER_NONNULL = YES;
				CLANG_ANALYZER_NUMBER_OBJECT_CONVERSION = YES_AGGRESSIVE;
				CLANG_CXX_LANGUAGE_STANDARD = "gnu++14";
				CLANG_CXX_LIBRARY = "libc++";
				CLANG_ENABLE_MODULES = YES;
				CLANG_ENABLE_OBJC_ARC = YES;
				CLANG_ENABLE_OBJC_WEAK = YES;
				CLANG_WARN_BLOCK_CAPTURE_AUTORELEASING = YES;
				CLANG_WARN_BOOL_CONVERSION = YES;
				CLANG_WARN_COMMA = YES;
				CLANG_WARN_CONSTANT_CONVERSION = YES;
				CLANG_WARN_DEPRECATED_OBJC_IMPLEMENTATIONS = YES;
				CLANG_WARN_DIRECT_OBJC_ISA_USAGE = YES_ERROR;
				CLANG_WARN_DOCUMENTATION_COMMENTS = YES;
				CLANG_WARN_EMPTY_BODY = YES;
				CLANG_WARN_ENUM_CONVERSION = YES;
				CLANG_WARN_INFINITE_RECURSION = YES;
				CLANG_WARN_INT_CONVERSION = YES;
				CLANG_WARN_NON_LITERAL_NULL_CONVERSION = YES;
				CLANG_WARN_OBJC_IMPLICIT_RETAIN_SELF = YES;
				CLANG_WARN_OBJC_LITERAL_CONVERSION = YES;
				CLANG_WARN_OBJC_ROOT_CLASS = YES_ERROR;
				CLANG_WARN_RANGE_LOOP_ANALYSIS = YES;
				CLANG_WARN_STRICT_PROTOTYPES = YES;
				CLANG_WARN_SUSPICIOUS_MOVE = YES;
				CLANG_WARN_UNGUARDED_AVAILABILITY = YES_AGGRESSIVE;
				CLANG_WARN_UNREACHABLE_CODE = YES;
				CLANG_WARN__DUPLICATE_METHOD_MATCH = YES;
				CODE_SIGN_IDENTITY = "iPhone Developer";
				COPY_PHASE_STRIP = NO;
				DEBUG_INFORMATION_FORMAT = "dwarf-with-dsym";
				ENABLE_NS_ASSERTIONS = NO;
				ENABLE_STRICT_OBJC_MSGSEND = YES;
				GCC_C_LANGUAGE_STANDARD = gnu11;
				GCC_NO_COMMON_BLOCKS = YES;
				GCC_WARN_64_TO_32_BIT_CONVERSION = YES;
				GCC_WARN_ABOUT_RETURN_TYPE = YES_ERROR;
				GCC_WARN_UNDECLARED_SELECTOR = YES;
				GCC_WARN_UNINITIALIZED_AUTOS = YES_AGGRESSIVE;
				GCC_WARN_UNUSED_FUNCTION = YES;
				GCC_WARN_UNUSED_VARIABLE = YES;
				IPHONEOS_DEPLOYMENT_TARGET = 12.1;
				MTL_ENABLE_DEBUG_INFO = NO;
				MTL_FAST_MATH = YES;
				SDKROOT = iphoneos;
				SWIFT_COMPILATION_MODE = wholemodule;
				SWIFT_OPTIMIZATION_LEVEL = "-O";
				VALIDATE_PRODUCT = YES;
			};
			name = Release;
		};
		AB8A399222FC15C40057225D /* Debug */ = {
			isa = XCBuildConfiguration;
			buildSettings = {
				ASSETCATALOG_COMPILER_APPICON_NAME = AppIcon;
				CODE_SIGN_STYLE = Automatic;
				INFOPLIST_FILE = DEmo/Info.plist;
				IPHONEOS_DEPLOYMENT_TARGET = 12.1;
				LD_RUNPATH_SEARCH_PATHS = (
					"$(inherited)",
					"@executable_path/Frameworks",
				);
				PRODUCT_BUNDLE_IDENTIFIER = com.ymedia.DEmo;
				PRODUCT_NAME = "$(TARGET_NAME)";
				SWIFT_VERSION = 4.2;
				TARGETED_DEVICE_FAMILY = "1,2";
			};
			name = Debug;
		};
		AB8A399322FC15C40057225D /* Release */ = {
			isa = XCBuildConfiguration;
			buildSettings = {
				ASSETCATALOG_COMPILER_APPICON_NAME = AppIcon;
				CODE_SIGN_STYLE = Automatic;
				INFOPLIST_FILE = DEmo/Info.plist;
				IPHONEOS_DEPLOYMENT_TARGET = 12.1;
				LD_RUNPATH_SEARCH_PATHS = (
					"$(inherited)",
					"@executable_path/Frameworks",
				);
				PRODUCT_BUNDLE_IDENTIFIER = com.ymedia.DEmo;
				PRODUCT_NAME = "$(TARGET_NAME)";
				SWIFT_VERSION = 4.2;
				TARGETED_DEVICE_FAMILY = "1,2";
			};
			name = Release;
		};
/* End XCBuildConfiguration section */

/* Begin XCConfigurationList section */
		AB8A397A22FC15980057225D /* Build configuration list for PBXProject "DEmo" */ = {
			isa = XCConfigurationList;
			buildConfigurations = (
				AB8A398F22FC15C40057225D /* Debug */,
				AB8A399022FC15C40057225D /* Release */,
			);
			defaultConfigurationIsVisible = 0;
			defaultConfigurationName = Release;
		};
		AB8A399122FC15C40057225D /* Build configuration list for PBXNativeTarget "DEmo" */ = {
			isa = XCConfigurationList;
			buildConfigurations = (
				AB8A399222FC15C40057225D /* Debug */,
				AB8A399322FC15C40057225D /* Release */,
			);
			defaultConfigurationIsVisible = 0;
			defaultConfigurationName = Release;
		};
/* End XCConfigurationList section */
	};
	rootObject = AB8A397722FC15980057225D /* Project object */;
}
